
Microsoft Visual Studio Solution File, Format Version 12.00
# Visual Studio 15
VisualStudioVersion = 15.0.27004.2009
MinimumVisualStudioVersion = 10.0.40219.1
Project("{FAE04EC0-301F-11D3-BF4B-00C04F79EFBC}") = "EmoteScavenger", "EmoteScavenger\EmoteScavenger.csproj", "{24C1258C-67EE-4C73-9569-CA32284CE802}"
EndProject
Project("{2150E333-8FDC-42A3-9474-1A3956D46DE8}") = "Solution Items", "Solution Items", "{3AEB8034-899D-4964-A4FF-9D9934FD55BD}"
	ProjectSection(SolutionItems) = preProject
		LICENSE.TXT = LICENSE.TXT
		NOTICE.TXT = NOTICE.TXT
		README.MD = README.MD
	EndProjectSection
EndProject
Global
	GlobalSection(SolutionConfigurationPlatforms) = preSolution
		Debug|Any CPU = Debug|Any CPU
		Release|Any CPU = Release|Any CPU
	EndGlobalSection
	GlobalSection(ProjectConfigurationPlatforms) = postSolution
		{24C1258C-67EE-4C73-9569-CA32284CE802}.Debug|Any CPU.ActiveCfg = Debug|Any CPU
		{24C1258C-67EE-4C73-9569-CA32284CE802}.Debug|Any CPU.Build.0 = Debug|Any CPU
		{24C1258C-67EE-4C73-9569-CA32284CE802}.Release|Any CPU.ActiveCfg = Release|Any CPU
		{24C1258C-67EE-4C73-9569-CA32284CE802}.Release|Any CPU.Build.0 = Release|Any CPU
	EndGlobalSection
	GlobalSection(SolutionProperties) = preSolution
		HideSolutionNode = FALSE
	EndGlobalSection
	GlobalSection(ExtensibilityGlobals) = postSolution
		SolutionGuid = {EB1B4AA6-5009-41A3-905A-BD692E27E0A7}
	EndGlobalSection
EndGlobal
